version: 2.0
shards:
  admiral:
    git: https://github.com/jwaldrip/admiral.cr.git
    version: 1.12.1

  ameba:
    git: https://github.com/crystal-ameba/ameba.git
    version: 1.0.1

  crystal-env:
    git: https://github.com/crystal-lang/crystal-env.git
    version: 0.1.0+git.commit.05a1d92cfbb11a75a0077323b9631a467b7a6b91

  gi-crystal:
    git: https://github.com/hugopl/gi-crystal.git
    version: 0.14.0

  gtk4:
    git: https://github.com/hugopl/gtk4.cr.git
    version: 0.12.0

  i18n:
    git: https://github.com/crystal-i18n/i18n.git
    version: 0.2.1

  prop:
    git: https://github.com/nicolab/crystal-prop.git
    version: 0.7.1

  validator:
    git: https://github.com/nicolab/crystal-validator.git
    version: 1.11.0

  version_from_shard:
    git: https://github.com/hugopl/version_from_shard.git
    version: 1.2.5

